
Microsoft Visual Studio Solution File, Format Version 12.00
# Visual Studio 15
VisualStudioVersion = 15.0.28010.2026
MinimumVisualStudioVersion = 10.0.40219.1
Project("{FAE04EC0-301F-11D3-BF4B-00C04F79EFBC}") = "LibraryManagement", "LibraryManagement\LibraryManagement.csproj", "{7ACC0D43-20F8-4617-8348-3499B0FB2266}"
EndProject
Project("{FAE04EC0-301F-11D3-BF4B-00C04F79EFBC}") = "Persistence", "Persistence\Persistence.csproj", "{D51D0741-F738-416D-83D8-DEE0BF71B13E}"
EndProject
Global
	GlobalSection(SolutionConfigurationPlatforms) = preSolution
		Debug|Any CPU = Debug|Any CPU
		Release|Any CPU = Release|Any CPU
	EndGlobalSection
	GlobalSection(ProjectConfigurationPlatforms) = postSolution
		{7ACC0D43-20F8-4617-8348-3499B0FB2266}.Debug|Any CPU.ActiveCfg = Debug|Any CPU
		{7ACC0D43-20F8-4617-8348-3499B0FB2266}.Debug|Any CPU.Build.0 = Debug|Any CPU
		{7ACC0D43-20F8-4617-8348-3499B0FB2266}.Release|Any CPU.ActiveCfg = Release|Any CPU
		{7ACC0D43-20F8-4617-8348-3499B0FB2266}.Release|Any CPU.Build.0 = Release|Any CPU
		{D51D0741-F738-416D-83D8-DEE0BF71B13E}.Debug|Any CPU.ActiveCfg = Debug|Any CPU
		{D51D0741-F738-416D-83D8-DEE0BF71B13E}.Debug|Any CPU.Build.0 = Debug|Any CPU
		{D51D0741-F738-416D-83D8-DEE0BF71B13E}.Release|Any CPU.ActiveCfg = Release|Any CPU
		{D51D0741-F738-416D-83D8-DEE0BF71B13E}.Release|Any CPU.Build.0 = Release|Any CPU
	EndGlobalSection
	GlobalSection(SolutionProperties) = preSolution
		HideSolutionNode = FALSE
	EndGlobalSection
	GlobalSection(ExtensibilityGlobals) = postSolution
		SolutionGuid = {57F09951-1F39-45E1-89F1-9626BA7F86D1}
	EndGlobalSection
EndGlobal
